// !$*UTF8*$!
{
	archiveVersion = 1;
	classes = {
	};
	objectVersion = 46;
	objects = {

/* Begin PBXBuildFile section */
		37E43DED1B623DEC00D094BA /* AppDelegate.swift in Sources */ = {isa = PBXBuildFile; fileRef = 37E43DEC1B623DEC00D094BA /* AppDelegate.swift */; };
		37E43DEF1B623DEC00D094BA /* ViewController.swift in Sources */ = {isa = PBXBuildFile; fileRef = 37E43DEE1B623DEC00D094BA /* ViewController.swift */; };
		37E43DF21B623DEC00D094BA /* Main.storyboard in Resources */ = {isa = PBXBuildFile; fileRef = 37E43DF01B623DEC00D094BA /* Main.storyboard */; };
		37E43DF41B623DEC00D094BA /* Images.xcassets in Resources */ = {isa = PBXBuildFile; fileRef = 37E43DF31B623DEC00D094BA /* Images.xcassets */; };
		37E43DF71B623DEC00D094BA /* LaunchScreen.xib in Resources */ = {isa = PBXBuildFile; fileRef = 37E43DF51B623DEC00D094BA /* LaunchScreen.xib */; };
		37E43E031B623DEC00D094BA /* MyFirstAppTests.swift in Sources */ = {isa = PBXBuildFile; fileRef = 37E43E021B623DEC00D094BA /* MyFirstAppTests.swift */; };
		37E43E0D1B623FE400D094BA /* Firebase.framework in Frameworks */ = {isa = PBXBuildFile; fileRef = 37E43E0C1B623FE400D094BA /* Firebase.framework */; };
/* End PBXBuildFile section */

/* Begin PBXContainerItemProxy section */
		37E43DFD1B623DEC00D094BA /* PBXContainerItemProxy */ = {
			isa = PBXContainerItemProxy;
			containerPortal = 37E43DDF1B623DEC00D094BA /* Project object */;
			proxyType = 1;
			remoteGlobalIDString = 37E43DE61B623DEC00D094BA;
			remoteInfo = MyFirstApp;
		};
/* End PBXContainerItemProxy section */

/* Begin PBXFileReference section */
		37E43DE71B623DEC00D094BA /* MyFirstApp.app */ = {isa = PBXFileReference; explicitFileType = wrapper.application; includeInIndex = 0; path = MyFirstApp.app; sourceTree = BUILT_PRODUCTS_DIR; };
		37E43DEB1B623DEC00D094BA /* Info.plist */ = {isa = PBXFileReference; lastKnownFileType = text.plist.xml; path = Info.plist; sourceTree = "<group>"; };
		37E43DEC1B623DEC00D094BA /* AppDelegate.swift */ = {isa = PBXFileReference; lastKnownFileType = sourcecode.swift; path = AppDelegate.swift; sourceTree = "<group>"; };
		37E43DEE1B623DEC00D094BA /* ViewController.swift */ = {isa = PBXFileReference; lastKnownFileType = sourcecode.swift; path = ViewController.swift; sourceTree = "<group>"; };
		37E43DF11B623DEC00D094BA /* Base */ = {isa = PBXFileReference; lastKnownFileType = file.storyboard; name = Base; path = Base.lproj/Main.storyboard; sourceTree = "<group>"; };
		37E43DF31B623DEC00D094BA /* Images.xcassets */ = {isa = PBXFileReference; lastKnownFileType = folder.assetcatalog; path = Images.xcassets; sourceTree = "<group>"; };
		37E43DF61B623DEC00D094BA /* Base */ = {isa = PBXFileReference; lastKnownFileType = file.xib; name = Base; path = Base.lproj/LaunchScreen.xib; sourceTree = "<group>"; };
		37E43DFC1B623DEC00D094BA /* MyFirstAppTests.xctest */ = {isa = PBXFileReference; explicitFileType = wrapper.cfbundle; includeInIndex = 0; path = MyFirstAppTests.xctest; sourceTree = BUILT_PRODUCTS_DIR; };
		37E43E011B623DEC00D094BA /* Info.plist */ = {isa = PBXFileReference; lastKnownFileType = text.plist.xml; path = Info.plist; sourceTree = "<group>"; };
		37E43E021B623DEC00D094BA /* MyFirstAppTests.swift */ = {isa = PBXFileReference; lastKnownFileType = sourcecode.swift; path = MyFirstAppTests.swift; sourceTree = "<group>"; };
		37E43E0C1B623FE400D094BA /* Firebase.framework */ = {isa = PBXFileReference; lastKnownFileType = wrapper.framework; path = Firebase.framework; sourceTree = "<group>"; };
/* End PBXFileReference section */

/* Begin PBXFrameworksBuildPhase section */
		37E43DE41B623DEC00D094BA /* Frameworks */ = {
			isa = PBXFrameworksBuildPhase;
			buildActionMask = 2147483647;
			files = (
				37E43E0D1B623FE400D094BA /* Firebase.framework in Frameworks */,
			);
			runOnlyForDeploymentPostprocessing = 0;
		};
		37E43DF91B623DEC00D094BA /* Frameworks */ = {
			isa = PBXFrameworksBuildPhase;
			buildActionMask = 2147483647;
			files = (
			);
			runOnlyForDeploymentPostprocessing = 0;
		};
/* End PBXFrameworksBuildPhase section */

/* Begin PBXGroup section */
		37E43DDE1B623DEC00D094BA = {
			isa = PBXGroup;
			children = (
				37E43DE91B623DEC00D094BA /* MyFirstApp */,
				37E43DFF1B623DEC00D094BA /* MyFirstAppTests */,
				37E43DE81B623DEC00D094BA /* Products */,
			);
			sourceTree = "<group>";
		};
		37E43DE81B623DEC00D094BA /* Products */ = {
			isa = PBXGroup;
			children = (
				37E43DE71B623DEC00D094BA /* MyFirstApp.app */,
				37E43DFC1B623DEC00D094BA /* MyFirstAppTests.xctest */,
			);
			name = Products;
			sourceTree = "<group>";
		};
		37E43DE91B623DEC00D094BA /* MyFirstApp */ = {
			isa = PBXGroup;
			children = (
				37E43DEC1B623DEC00D094BA /* AppDelegate.swift */,
				37E43DEE1B623DEC00D094BA /* ViewController.swift */,
				37E43DF01B623DEC00D094BA /* Main.storyboard */,
				37E43DF31B623DEC00D094BA /* Images.xcassets */,
				37E43DF51B623DEC00D094BA /* LaunchScreen.xib */,
				37E43DEA1B623DEC00D094BA /* Supporting Files */,
			);
			path = MyFirstApp;
			sourceTree = "<group>";
		};
		37E43DEA1B623DEC00D094BA /* Supporting Files */ = {
			isa = PBXGroup;
			children = (
				37E43E0C1B623FE400D094BA /* Firebase.framework */,
				37E43DEB1B623DEC00D094BA /* Info.plist */,
			);
			name = "Supporting Files";
			sourceTree = "<group>";
		};
		37E43DFF1B623DEC00D094BA /* MyFirstAppTests */ = {
			isa = PBXGroup;
			children = (
				37E43E021B623DEC00D094BA /* MyFirstAppTests.swift */,
				37E43E001B623DEC00D094BA /* Supporting Files */,
			);
			path = MyFirstAppTests;
			sourceTree = "<group>";
		};
		37E43E001B623DEC00D094BA /* Supporting Files */ = {
			isa = PBXGroup;
			children = (
				37E43E011B623DEC00D094BA /* Info.plist */,
			);
			name = "Supporting Files";
			sourceTree = "<group>";
		};
/* End PBXGroup section */

/* Begin PBXNativeTarget section */
		37E43DE61B623DEC00D094BA /* MyFirstApp */ = {
			isa = PBXNativeTarget;
			buildConfigurationList = 37E43E061B623DEC00D094BA /* Build configuration list for PBXNativeTarget "MyFirstApp" */;
			buildPhases = (
				37E43DE31B623DEC00D094BA /* Sources */,
				37E43DE41B623DEC00D094BA /* Frameworks */,
				37E43DE51B623DEC00D094BA /* Resources */,
			);
			buildRules = (
			);
			dependencies = (
			);
			name = MyFirstApp;
			productName = MyFirstApp;
			productReference = 37E43DE71B623DEC00D094BA /* MyFirstApp.app */;
			productType = "com.apple.product-type.application";
		};
		37E43DFB1B623DEC00D094BA /* MyFirstAppTests */ = {
			isa = PBXNativeTarget;
			buildConfigurationList = 37E43E091B623DEC00D094BA /* Build configuration list for PBXNativeTarget "MyFirstAppTests" */;
			buildPhases = (
				37E43DF81B623DEC00D094BA /* Sources */,
				37E43DF91B623DEC00D094BA /* Frameworks */,
				37E43DFA1B623DEC00D094BA /* Resources */,
			);
			buildRules = (
			);
			dependencies = (
				37E43DFE1B623DEC00D094BA /* PBXTargetDependency */,
			);
			name = MyFirstAppTests;
			productName = MyFirstAppTests;
			productReference = 37E43DFC1B623DEC00D094BA /* MyFirstAppTests.xctest */;
			productType = "com.apple.product-type.bundle.unit-test";
		};
/* End PBXNativeTarget section */

/* Begin PBXProject section */
		37E43DDF1B623DEC00D094BA /* Project object */ = {
			isa = PBXProject;
			attributes = {
				LastUpgradeCheck = 0630;
				ORGANIZATIONNAME = "Haseeb Ahmad";
				TargetAttributes = {
					37E43DE61B623DEC00D094BA = {
						CreatedOnToolsVersion = 6.3.2;
					};
					37E43DFB1B623DEC00D094BA = {
						CreatedOnToolsVersion = 6.3.2;
						TestTargetID = 37E43DE61B623DEC00D094BA;
					};
				};
			};
			buildConfigurationList = 37E43DE21B623DEC00D094BA /* Build configuration list for PBXProject "MyFirstApp" */;
			compatibilityVersion = "Xcode 3.2";
			developmentRegion = English;
			hasScannedForEncodings = 0;
			knownRegions = (
				en,
				Base,
			);
			mainGroup = 37E43DDE1B623DEC00D094BA;
			productRefGroup = 37E43DE81B623DEC00D094BA /* Products */;
			projectDirPath = "";
			projectRoot = "";
			targets = (
				37E43DE61B623DEC00D094BA /* MyFirstApp */,
				37E43DFB1B623DEC00D094BA /* MyFirstAppTests */,
			);
		};
/* End PBXProject section */

/* Begin PBXResourcesBuildPhase section */
		37E43DE51B623DEC00D094BA /* Resources */ = {
			isa = PBXResourcesBuildPhase;
			buildActionMask = 2147483647;
			files = (
				37E43DF21B623DEC00D094BA /* Main.storyboard in Resources */,
				37E43DF71B623DEC00D094BA /* LaunchScreen.xib in Resources */,
				37E43DF41B623DEC00D094BA /* Images.xcassets in Resources */,
			);
			runOnlyForDeploymentPostprocessing = 0;
		};
		37E43DFA1B623DEC00D094BA /* Resources */ = {
			isa = PBXResourcesBuildPhase;
			buildActionMask = 2147483647;
			files = (
			);
			runOnlyForDeploymentPostprocessing = 0;
		};
/* End PBXResourcesBuildPhase section */

/* Begin PBXSourcesBuildPhase section */
		37E43DE31B623DEC00D094BA /* Sources */ = {
			isa = PBXSourcesBuildPhase;
			buildActionMask = 2147483647;
			files = (
				37E43DEF1B623DEC00D094BA /* ViewController.swift in Sources */,
				37E43DED1B623DEC00D094BA /* AppDelegate.swift in Sources */,
			);
			runOnlyForDeploymentPostprocessing = 0;
		};
		37E43DF81B623DEC00D094BA /* Sources */ = {
			isa = PBXSourcesBuildPhase;
			buildActionMask = 2147483647;
			files = (
				37E43E031B623DEC00D094BA /* MyFirstAppTests.swift in Sources */,
			);
			runOnlyForDeploymentPostprocessing = 0;
		};
/* End PBXSourcesBuildPhase section */

/* Begin PBXTargetDependency section */
		37E43DFE1B623DEC00D094BA /* PBXTargetDependency */ = {
			isa = PBXTargetDependency;
			target = 37E43DE61B623DEC00D094BA /* MyFirstApp */;
			targetProxy = 37E43DFD1B623DEC00D094BA /* PBXContainerItemProxy */;
		};
/* End PBXTargetDependency section */

/* Begin PBXVariantGroup section */
		37E43DF01B623DEC00D094BA /* Main.storyboard */ = {
			isa = PBXVariantGroup;
			children = (
				37E43DF11B623DEC00D094BA /* Base */,
			);
			name = Main.storyboard;
			sourceTree = "<group>";
		};
		37E43DF51B623DEC00D094BA /* LaunchScreen.xib */ = {
			isa = PBXVariantGroup;
			children = (
				37E43DF61B623DEC00D094BA /* Base */,
			);
			name = LaunchScreen.xib;
			sourceTree = "<group>";
		};
/* End PBXVariantGroup section */

/* Begin XCBuildConfiguration section */
		37E43E041B623DEC00D094BA /* Debug */ = {
			isa = XCBuildConfiguration;
			buildSettings = {
				ALWAYS_SEARCH_USER_PATHS = NO;
				CLANG_CXX_LANGUAGE_STANDARD = "gnu++0x";
				CLANG_CXX_LIBRARY = "libc++";
				CLANG_ENABLE_MODULES = YES;
				CLANG_ENABLE_OBJC_ARC = YES;
				CLANG_WARN_BOOL_CONVERSION = YES;
				CLANG_WARN_CONSTANT_CONVERSION = YES;
				CLANG_WARN_DIRECT_OBJC_ISA_USAGE = YES_ERROR;
				CLANG_WARN_EMPTY_BODY = YES;
				CLANG_WARN_ENUM_CONVERSION = YES;
				CLANG_WARN_INT_CONVERSION = YES;
				CLANG_WARN_OBJC_ROOT_CLASS = YES_ERROR;
				CLANG_WARN_UNREACHABLE_CODE = YES;
				CLANG_WARN__DUPLICATE_METHOD_MATCH = YES;
				"CODE_SIGN_IDENTITY[sdk=iphoneos*]" = "iPhone Developer";
				COPY_PHASE_STRIP = NO;
				DEBUG_INFORMATION_FORMAT = "dwarf-with-dsym";
				ENABLE_STRICT_OBJC_MSGSEND = YES;
				GCC_C_LANGUAGE_STANDARD = gnu99;
				GCC_DYNAMIC_NO_PIC = NO;
				GCC_NO_COMMON_BLOCKS = YES;
				GCC_OPTIMIZATION_LEVEL = 0;
				GCC_PREPROCESSOR_DEFINITIONS = (
					"DEBUG=1",
					"$(inherited)",
				);
				GCC_SYMBOLS_PRIVATE_EXTERN = NO;
				GCC_WARN_64_TO_32_BIT_CONVERSION = YES;
				GCC_WARN_ABOUT_RETURN_TYPE = YES_ERROR;
				GCC_WARN_UNDECLARED_SELECTOR = YES;
				GCC_WARN_UNINITIALIZED_AUTOS = YES_AGGRESSIVE;
				GCC_WARN_UNUSED_FUNCTION = YES;
				GCC_WARN_UNUSED_VARIABLE = YES;
				IPHONEOS_DEPLOYMENT_TARGET = 8.3;
				MTL_ENABLE_DEBUG_INFO = YES;
				ONLY_ACTIVE_ARCH = YES;
				SDKROOT = iphoneos;
				SWIFT_OPTIMIZATION_LEVEL = "-Onone";
			};
			name = Debug;
		};
		37E43E051B623DEC00D094BA /* Release */ = {
			isa = XCBuildConfiguration;
			buildSettings = {
				ALWAYS_SEARCH_USER_PATHS = NO;
				CLANG_CXX_LANGUAGE_STANDARD = "gnu++0x";
				CLANG_CXX_LIBRARY = "libc++";
				CLANG_ENABLE_MODULES = YES;
				CLANG_ENABLE_OBJC_ARC = YES;
				CLANG_WARN_BOOL_CONVERSION = YES;
				CLANG_WARN_CONSTANT_CONVERSION = YES;
				CLANG_WARN_DIRECT_OBJC_ISA_USAGE = YES_ERROR;
				CLANG_WARN_EMPTY_BODY = YES;
				CLANG_WARN_ENUM_CONVERSION = YES;
				CLANG_WARN_INT_CONVERSION = YES;
				CLANG_WARN_OBJC_ROOT_CLASS = YES_ERROR;
				CLANG_WARN_UNREACHABLE_CODE = YES;
				CLANG_WARN__DUPLICATE_METHOD_MATCH = YES;
				"CODE_SIGN_IDENTITY[sdk=iphoneos*]" = "iPhone Developer";
				COPY_PHASE_STRIP = NO;
				DEBUG_INFORMATION_FORMAT = "dwarf-with-dsym";
				ENABLE_NS_ASSERTIONS = NO;
				ENABLE_STRICT_OBJC_MSGSEND = YES;
				GCC_C_LANGUAGE_STANDARD = gnu99;
				GCC_NO_COMMON_BLOCKS = YES;
				GCC_WARN_64_TO_32_BIT_CONVERSION = YES;
				GCC_WARN_ABOUT_RETURN_TYPE = YES_ERROR;
				GCC_WARN_UNDECLARED_SELECTOR = YES;
				GCC_WARN_UNINITIALIZED_AUTOS = YES_AGGRESSIVE;
				GCC_WARN_UNUSED_FUNCTION = YES;
				GCC_WARN_UNUSED_VARIABLE = YES;
				IPHONEOS_DEPLOYMENT_TARGET = 8.3;
				MTL_ENABLE_DEBUG_INFO = NO;
				SDKROOT = iphoneos;
				VALIDATE_PRODUCT = YES;
			};
			name = Release;
		};
		37E43E071B623DEC00D094BA /* Debug */ = {
			isa = XCBuildConfiguration;
			buildSettings = {
				ASSETCATALOG_COMPILER_APPICON_NAME = AppIcon;
				FRAMEWORK_SEARCH_PATHS = (
					"$(inherited)",
					"$(PROJECT_DIR)/MyFirstApp",
				);
				INFOPLIST_FILE = MyFirstApp/Info.plist;
				LD_RUNPATH_SEARCH_PATHS = "$(inherited) @executable_path/Frameworks";
				PRODUCT_NAME = "$(TARGET_NAME)";
			};
			name = Debug;
		};
		37E43E081B623DEC00D094BA /* Release */ = {
			isa = XCBuildConfiguration;
			buildSettings = {
				ASSETCATALOG_COMPILER_APPICON_NAME = AppIcon;
				FRAMEWORK_SEARCH_PATHS = (
					"$(inherited)",
					"$(PROJECT_DIR)/MyFirstApp",
				);
				INFOPLIST_FILE = MyFirstApp/Info.plist;
				LD_RUNPATH_SEARCH_PATHS = "$(inherited) @executable_path/Frameworks";
				PRODUCT_NAME = "$(TARGET_NAME)";
			};
			name = Release;
		};
		37E43E0A1B623DEC00D094BA /* Debug */ = {
			isa = XCBuildConfiguration;
			buildSettings = {
				BUNDLE_LOADER = "$(TEST_HOST)";
				FRAMEWORK_SEARCH_PATHS = (
					"$(SDKROOT)/Developer/Library/Frameworks",
					"$(inherited)",
				);
				GCC_PREPROCESSOR_DEFINITIONS = (
					"DEBUG=1",
					"$(inherited)",
				);
				INFOPLIST_FILE = MyFirstAppTests/Info.plist;
				LD_RUNPATH_SEARCH_PATHS = "$(inherited) @executable_path/Frameworks @loader_path/Frameworks";
				PRODUCT_NAME = "$(TARGET_NAME)";
				TEST_HOST = "$(BUILT_PRODUCTS_DIR)/MyFirstApp.app/MyFirstApp";
			};
			name = Debug;
		};
		37E43E0B1B623DEC00D094BA /* Release */ = {
			isa = XCBuildConfiguration;
			buildSettings = {
				BUNDLE_LOADER = "$(TEST_HOST)";
				FRAMEWORK_SEARCH_PATHS = (
					"$(SDKROOT)/Developer/Library/Frameworks",
					"$(inherited)",
				);
				INFOPLIST_FILE = MyFirstAppTests/Info.plist;
				LD_RUNPATH_SEARCH_PATHS = "$(inherited) @executable_path/Frameworks @loader_path/Frameworks";
				PRODUCT_NAME = "$(TARGET_NAME)";
				TEST_HOST = "$(BUILT_PRODUCTS_DIR)/MyFirstApp.app/MyFirstApp";
			};
			name = Release;
		};
/* End XCBuildConfiguration section */

/* Begin XCConfigurationList section */
		37E43DE21B623DEC00D094BA /* Build configuration list for PBXProject "MyFirstApp" */ = {
			isa = XCConfigurationList;
			buildConfigurations = (
				37E43E041B623DEC00D094BA /* Debug */,
				37E43E051B623DEC00D094BA /* Release */,
			);
			defaultConfigurationIsVisible = 0;
			defaultConfigurationName = Release;
		};
		37E43E061B623DEC00D094BA /* Build configuration list for PBXNativeTarget "MyFirstApp" */ = {
			isa = XCConfigurationList;
			buildConfigurations = (
				37E43E071B623DEC00D094BA /* Debug */,
				37E43E081B623DEC00D094BA /* Release */,
			);
			defaultConfigurationIsVisible = 0;
		};
		37E43E091B623DEC00D094BA /* Build configuration list for PBXNativeTarget "MyFirstAppTests" */ = {
			isa = XCConfigurationList;
			buildConfigurations = (
				37E43E0A1B623DEC00D094BA /* Debug */,
				37E43E0B1B623DEC00D094BA /* Release */,
			);
			defaultConfigurationIsVisible = 0;
		};
/* End XCConfigurationList section */
	};
	rootObject = 37E43DDF1B623DEC00D094BA /* Project object */;
}
